dependencies:
  espressif/esp_jpeg:
    component_hash: 14c7335ea46c9ba51af8222ce7c31fe8c4f3417bece0287fdb4152f81cb6af95
    dependencies:
    - name: idf
      require: private
      version: '>=5.0'
    source:
      registry_url: https://components.espressif.com/
      type: service
    version: 1.2.1
  espressif/mpu6050:
    component_hash: d69219ccb141372b863c511749ffbeab28417ac71c205d7ed7030c308e1b6832
    dependencies:
    - name: idf
      require: private
      version: '>=4.0'
    source:
      registry_url: https://components.espressif.com/
      type: service
    version: 1.2.0
  idf:
    source:
      type: idf
    version: 5.0.8
direct_dependencies:
- espressif/esp_jpeg
- espressif/mpu6050
- idf
manifest_hash: 04f62efd66864a102f48b3e0b17b9bb4a903897cc69c806f0b084bc5a14529b5
target: esp32s3
version: 2.0.0
